
Microsoft Visual Studio Solution File, Format Version 12.00
# Visual Studio Version 17
VisualStudioVersion = 17.1.32228.430
MinimumVisualStudioVersion = 10.0.40219.1
Project("{FAE04EC0-301F-11D3-BF4B-00C04F79EFBC}") = "CSharp-Enum-Exception", "CSharp-Enum-Exception.csproj", "{C8096566-6220-48D8-8136-296C877A7ED9}"
EndProject
Project("{FAE04EC0-301F-11D3-BF4B-00C04F79EFBC}") = "ClassLibrary", "..\ClassLibrary\ClassLibrary.csproj", "{AF6116A8-71CC-4472-B820-A2E5B0DD360F}"
EndProject
Global
	GlobalSection(SolutionConfigurationPlatforms) = preSolution
		Debug|Any CPU = Debug|Any CPU
		Release|Any CPU = Release|Any CPU
	EndGlobalSection
	GlobalSection(ProjectConfigurationPlatforms) = postSolution
		{C8096566-6220-48D8-8136-296C877A7ED9}.Debug|Any CPU.ActiveCfg = Debug|Any CPU
		{C8096566-6220-48D8-8136-296C877A7ED9}.Debug|Any CPU.Build.0 = Debug|Any CPU
		{C8096566-6220-48D8-8136-296C877A7ED9}.Release|Any CPU.ActiveCfg = Release|Any CPU
		{C8096566-6220-48D8-8136-296C877A7ED9}.Release|Any CPU.Build.0 = Release|Any CPU
		{AF6116A8-71CC-4472-B820-A2E5B0DD360F}.Debug|Any CPU.ActiveCfg = Debug|Any CPU
		{AF6116A8-71CC-4472-B820-A2E5B0DD360F}.Debug|Any CPU.Build.0 = Debug|Any CPU
		{AF6116A8-71CC-4472-B820-A2E5B0DD360F}.Release|Any CPU.ActiveCfg = Release|Any CPU
		{AF6116A8-71CC-4472-B820-A2E5B0DD360F}.Release|Any CPU.Build.0 = Release|Any CPU
	EndGlobalSection
	GlobalSection(SolutionProperties) = preSolution
		HideSolutionNode = FALSE
	EndGlobalSection
	GlobalSection(ExtensibilityGlobals) = postSolution
		SolutionGuid = {46A250B1-0F10-46DB-9477-CDACEF6CFE2C}
	EndGlobalSection
EndGlobal
